
Microsoft Visual Studio Solution File, Format Version 12.00
# Visual Studio Version 16
VisualStudioVersion = 16.0.32510.428
MinimumVisualStudioVersion = 10.0.40219.1
Project("{FAE04EC0-301F-11D3-BF4B-00C04F79EFBC}") = "NESTED IF", "NESTED IF\NESTED IF.csproj", "{2B4FA9FE-D279-42A4-B86C-E92F19CE6A74}"
EndProject
Global
	GlobalSection(SolutionConfigurationPlatforms) = preSolution
		Debug|Any CPU = Debug|Any CPU
		Release|Any CPU = Release|Any CPU
	EndGlobalSection
	GlobalSection(ProjectConfigurationPlatforms) = postSolution
		{2B4FA9FE-D279-42A4-B86C-E92F19CE6A74}.Debug|Any CPU.ActiveCfg = Debug|Any CPU
		{2B4FA9FE-D279-42A4-B86C-E92F19CE6A74}.Debug|Any CPU.Build.0 = Debug|Any CPU
		{2B4FA9FE-D279-42A4-B86C-E92F19CE6A74}.Release|Any CPU.ActiveCfg = Release|Any CPU
		{2B4FA9FE-D279-42A4-B86C-E92F19CE6A74}.Release|Any CPU.Build.0 = Release|Any CPU
	EndGlobalSection
	GlobalSection(SolutionProperties) = preSolution
		HideSolutionNode = FALSE
	EndGlobalSection
	GlobalSection(ExtensibilityGlobals) = postSolution
		SolutionGuid = {5A14AE4F-4EF7-4E8D-A928-9B2A47E3D92A}
	EndGlobalSection
EndGlobal
